
Microsoft Visual Studio Solution File, Format Version 12.00
# Visual Studio Version 17
VisualStudioVersion = 17.1.32319.34
MinimumVisualStudioVersion = 10.0.40219.1
Project("{FAE04EC0-301F-11D3-BF4B-00C04F79EFBC}") = "MainApp", "MainApp.csproj", "{2F6C1515-0D68-4F0B-8146-802AD20B6392}"
EndProject
Global
	GlobalSection(SolutionConfigurationPlatforms) = preSolution
		Debug|Any CPU = Debug|Any CPU
		Release|Any CPU = Release|Any CPU
	EndGlobalSection
	GlobalSection(ProjectConfigurationPlatforms) = postSolution
		{2F6C1515-0D68-4F0B-8146-802AD20B6392}.Debug|Any CPU.ActiveCfg = Debug|Any CPU
		{2F6C1515-0D68-4F0B-8146-802AD20B6392}.Debug|Any CPU.Build.0 = Debug|Any CPU
		{2F6C1515-0D68-4F0B-8146-802AD20B6392}.Release|Any CPU.ActiveCfg = Release|Any CPU
		{2F6C1515-0D68-4F0B-8146-802AD20B6392}.Release|Any CPU.Build.0 = Release|Any CPU
	EndGlobalSection
	GlobalSection(SolutionProperties) = preSolution
		HideSolutionNode = FALSE
	EndGlobalSection
	GlobalSection(ExtensibilityGlobals) = postSolution
		SolutionGuid = {4EE8DE5F-C3EF-4A77-9053-562F3EBEA4A2}
	EndGlobalSection
EndGlobal
