
Microsoft Visual Studio Solution File, Format Version 12.00
# Visual Studio Version 17
VisualStudioVersion = 17.1.32319.34
MinimumVisualStudioVersion = 10.0.40219.1
Project("{FAE04EC0-301F-11D3-BF4B-00C04F79EFBC}") = "MainApp", "MainApp.csproj", "{16BE17DE-3A1F-4780-8E37-7C5F8240600E}"
EndProject
Global
	GlobalSection(SolutionConfigurationPlatforms) = preSolution
		Debug|Any CPU = Debug|Any CPU
		Release|Any CPU = Release|Any CPU
	EndGlobalSection
	GlobalSection(ProjectConfigurationPlatforms) = postSolution
		{16BE17DE-3A1F-4780-8E37-7C5F8240600E}.Debug|Any CPU.ActiveCfg = Debug|Any CPU
		{16BE17DE-3A1F-4780-8E37-7C5F8240600E}.Debug|Any CPU.Build.0 = Debug|Any CPU
		{16BE17DE-3A1F-4780-8E37-7C5F8240600E}.Release|Any CPU.ActiveCfg = Release|Any CPU
		{16BE17DE-3A1F-4780-8E37-7C5F8240600E}.Release|Any CPU.Build.0 = Release|Any CPU
	EndGlobalSection
	GlobalSection(SolutionProperties) = preSolution
		HideSolutionNode = FALSE
	EndGlobalSection
	GlobalSection(ExtensibilityGlobals) = postSolution
		SolutionGuid = {B3191576-975C-441D-A397-9D808FA04173}
	EndGlobalSection
EndGlobal
