
Microsoft Visual Studio Solution File, Format Version 12.00
# Visual Studio Version 17
VisualStudioVersion = 17.1.32319.34
MinimumVisualStudioVersion = 10.0.40219.1
Project("{FAE04EC0-301F-11D3-BF4B-00C04F79EFBC}") = "MainApp", "MainApp.csproj", "{C221518B-0002-453E-B310-F3F1CD5E5C6A}"
EndProject
Global
	GlobalSection(SolutionConfigurationPlatforms) = preSolution
		Debug|Any CPU = Debug|Any CPU
		Release|Any CPU = Release|Any CPU
	EndGlobalSection
	GlobalSection(ProjectConfigurationPlatforms) = postSolution
		{C221518B-0002-453E-B310-F3F1CD5E5C6A}.Debug|Any CPU.ActiveCfg = Debug|Any CPU
		{C221518B-0002-453E-B310-F3F1CD5E5C6A}.Debug|Any CPU.Build.0 = Debug|Any CPU
		{C221518B-0002-453E-B310-F3F1CD5E5C6A}.Release|Any CPU.ActiveCfg = Release|Any CPU
		{C221518B-0002-453E-B310-F3F1CD5E5C6A}.Release|Any CPU.Build.0 = Release|Any CPU
	EndGlobalSection
	GlobalSection(SolutionProperties) = preSolution
		HideSolutionNode = FALSE
	EndGlobalSection
	GlobalSection(ExtensibilityGlobals) = postSolution
		SolutionGuid = {264E0F61-229E-448A-853A-6F4643169F63}
	EndGlobalSection
EndGlobal
