
Microsoft Visual Studio Solution File, Format Version 12.00
# Visual Studio Version 17
VisualStudioVersion = 17.1.32319.34
MinimumVisualStudioVersion = 10.0.40219.1
Project("{FAE04EC0-301F-11D3-BF4B-00C04F79EFBC}") = "MainApp", "MainApp.csproj", "{4ED5841A-D3F8-4C67-933C-3F0746ACB85E}"
EndProject
Global
	GlobalSection(SolutionConfigurationPlatforms) = preSolution
		Debug|Any CPU = Debug|Any CPU
		Release|Any CPU = Release|Any CPU
	EndGlobalSection
	GlobalSection(ProjectConfigurationPlatforms) = postSolution
		{4ED5841A-D3F8-4C67-933C-3F0746ACB85E}.Debug|Any CPU.ActiveCfg = Debug|Any CPU
		{4ED5841A-D3F8-4C67-933C-3F0746ACB85E}.Debug|Any CPU.Build.0 = Debug|Any CPU
		{4ED5841A-D3F8-4C67-933C-3F0746ACB85E}.Release|Any CPU.ActiveCfg = Release|Any CPU
		{4ED5841A-D3F8-4C67-933C-3F0746ACB85E}.Release|Any CPU.Build.0 = Release|Any CPU
	EndGlobalSection
	GlobalSection(SolutionProperties) = preSolution
		HideSolutionNode = FALSE
	EndGlobalSection
	GlobalSection(ExtensibilityGlobals) = postSolution
		SolutionGuid = {7B27B361-7CED-449C-A114-C7C150B0969F}
	EndGlobalSection
EndGlobal
