
Microsoft Visual Studio Solution File, Format Version 12.00
# Visual Studio Version 17
VisualStudioVersion = 17.1.32319.34
MinimumVisualStudioVersion = 10.0.40219.1
Project("{FAE04EC0-301F-11D3-BF4B-00C04F79EFBC}") = "MainApp", "MainApp.csproj", "{29409A25-58A7-4076-B6C2-6C194BB25781}"
EndProject
Global
	GlobalSection(SolutionConfigurationPlatforms) = preSolution
		Debug|Any CPU = Debug|Any CPU
		Release|Any CPU = Release|Any CPU
	EndGlobalSection
	GlobalSection(ProjectConfigurationPlatforms) = postSolution
		{29409A25-58A7-4076-B6C2-6C194BB25781}.Debug|Any CPU.ActiveCfg = Debug|Any CPU
		{29409A25-58A7-4076-B6C2-6C194BB25781}.Debug|Any CPU.Build.0 = Debug|Any CPU
		{29409A25-58A7-4076-B6C2-6C194BB25781}.Release|Any CPU.ActiveCfg = Release|Any CPU
		{29409A25-58A7-4076-B6C2-6C194BB25781}.Release|Any CPU.Build.0 = Release|Any CPU
	EndGlobalSection
	GlobalSection(SolutionProperties) = preSolution
		HideSolutionNode = FALSE
	EndGlobalSection
	GlobalSection(ExtensibilityGlobals) = postSolution
		SolutionGuid = {E4F15788-1D0A-4636-84AB-00C118373AF6}
	EndGlobalSection
EndGlobal
