
Microsoft Visual Studio Solution File, Format Version 12.00
# Visual Studio Version 17
VisualStudioVersion = 17.1.32228.430
MinimumVisualStudioVersion = 10.0.40219.1
Project("{FAE04EC0-301F-11D3-BF4B-00C04F79EFBC}") = "MainApp", "MainApp.csproj", "{53595459-A916-4F65-BFA1-F7A741E67550}"
EndProject
Global
	GlobalSection(SolutionConfigurationPlatforms) = preSolution
		Debug|Any CPU = Debug|Any CPU
		Release|Any CPU = Release|Any CPU
	EndGlobalSection
	GlobalSection(ProjectConfigurationPlatforms) = postSolution
		{53595459-A916-4F65-BFA1-F7A741E67550}.Debug|Any CPU.ActiveCfg = Debug|Any CPU
		{53595459-A916-4F65-BFA1-F7A741E67550}.Debug|Any CPU.Build.0 = Debug|Any CPU
		{53595459-A916-4F65-BFA1-F7A741E67550}.Release|Any CPU.ActiveCfg = Release|Any CPU
		{53595459-A916-4F65-BFA1-F7A741E67550}.Release|Any CPU.Build.0 = Release|Any CPU
	EndGlobalSection
	GlobalSection(SolutionProperties) = preSolution
		HideSolutionNode = FALSE
	EndGlobalSection
	GlobalSection(ExtensibilityGlobals) = postSolution
		SolutionGuid = {39C18165-F265-470A-91E9-0A2C445CDA59}
	EndGlobalSection
EndGlobal
