
Microsoft Visual Studio Solution File, Format Version 12.00
# Visual Studio Version 17
VisualStudioVersion = 17.1.32228.430
MinimumVisualStudioVersion = 10.0.40219.1
Project("{FAE04EC0-301F-11D3-BF4B-00C04F79EFBC}") = "MainApp", "MainApp.csproj", "{8E8B8A77-FFD8-4D22-AB16-EED18B33AFC7}"
EndProject
Global
	GlobalSection(SolutionConfigurationPlatforms) = preSolution
		Debug|Any CPU = Debug|Any CPU
		Release|Any CPU = Release|Any CPU
	EndGlobalSection
	GlobalSection(ProjectConfigurationPlatforms) = postSolution
		{8E8B8A77-FFD8-4D22-AB16-EED18B33AFC7}.Debug|Any CPU.ActiveCfg = Debug|Any CPU
		{8E8B8A77-FFD8-4D22-AB16-EED18B33AFC7}.Debug|Any CPU.Build.0 = Debug|Any CPU
		{8E8B8A77-FFD8-4D22-AB16-EED18B33AFC7}.Release|Any CPU.ActiveCfg = Release|Any CPU
		{8E8B8A77-FFD8-4D22-AB16-EED18B33AFC7}.Release|Any CPU.Build.0 = Release|Any CPU
	EndGlobalSection
	GlobalSection(SolutionProperties) = preSolution
		HideSolutionNode = FALSE
	EndGlobalSection
	GlobalSection(ExtensibilityGlobals) = postSolution
		SolutionGuid = {749E65FF-6F95-465B-820F-42BD026EF602}
	EndGlobalSection
EndGlobal
