
Microsoft Visual Studio Solution File, Format Version 12.00
# Visual Studio Version 17
VisualStudioVersion = 17.1.32228.430
MinimumVisualStudioVersion = 10.0.40219.1
Project("{FAE04EC0-301F-11D3-BF4B-00C04F79EFBC}") = "MainApp", "MainApp.csproj", "{23ABC3B0-B6E8-44F9-B2AA-EED96C709E54}"
EndProject
Global
	GlobalSection(SolutionConfigurationPlatforms) = preSolution
		Debug|Any CPU = Debug|Any CPU
		Release|Any CPU = Release|Any CPU
	EndGlobalSection
	GlobalSection(ProjectConfigurationPlatforms) = postSolution
		{23ABC3B0-B6E8-44F9-B2AA-EED96C709E54}.Debug|Any CPU.ActiveCfg = Debug|Any CPU
		{23ABC3B0-B6E8-44F9-B2AA-EED96C709E54}.Debug|Any CPU.Build.0 = Debug|Any CPU
		{23ABC3B0-B6E8-44F9-B2AA-EED96C709E54}.Release|Any CPU.ActiveCfg = Release|Any CPU
		{23ABC3B0-B6E8-44F9-B2AA-EED96C709E54}.Release|Any CPU.Build.0 = Release|Any CPU
	EndGlobalSection
	GlobalSection(SolutionProperties) = preSolution
		HideSolutionNode = FALSE
	EndGlobalSection
	GlobalSection(ExtensibilityGlobals) = postSolution
		SolutionGuid = {931BCC43-2BFC-4D2C-918A-99F1DE3766F2}
	EndGlobalSection
EndGlobal
