
Microsoft Visual Studio Solution File, Format Version 12.00
# Visual Studio Version 17
VisualStudioVersion = 17.1.32319.34
MinimumVisualStudioVersion = 10.0.40219.1
Project("{FAE04EC0-301F-11D3-BF4B-00C04F79EFBC}") = "MainApp", "MainApp.csproj", "{180B46FF-207E-4E43-AC09-01872F1311FB}"
EndProject
Global
	GlobalSection(SolutionConfigurationPlatforms) = preSolution
		Debug|Any CPU = Debug|Any CPU
		Release|Any CPU = Release|Any CPU
	EndGlobalSection
	GlobalSection(ProjectConfigurationPlatforms) = postSolution
		{180B46FF-207E-4E43-AC09-01872F1311FB}.Debug|Any CPU.ActiveCfg = Debug|Any CPU
		{180B46FF-207E-4E43-AC09-01872F1311FB}.Debug|Any CPU.Build.0 = Debug|Any CPU
		{180B46FF-207E-4E43-AC09-01872F1311FB}.Release|Any CPU.ActiveCfg = Release|Any CPU
		{180B46FF-207E-4E43-AC09-01872F1311FB}.Release|Any CPU.Build.0 = Release|Any CPU
	EndGlobalSection
	GlobalSection(SolutionProperties) = preSolution
		HideSolutionNode = FALSE
	EndGlobalSection
	GlobalSection(ExtensibilityGlobals) = postSolution
		SolutionGuid = {7E30CF72-18C9-4A67-AC0D-7156DE5EE32F}
	EndGlobalSection
EndGlobal
