
Microsoft Visual Studio Solution File, Format Version 12.00
# Visual Studio Version 17
VisualStudioVersion = 17.1.32319.34
MinimumVisualStudioVersion = 10.0.40219.1
Project("{FAE04EC0-301F-11D3-BF4B-00C04F79EFBC}") = "MainApp", "MainApp.csproj", "{FA22E1AA-7E57-4BC3-B7F2-DA555235CAFB}"
EndProject
Global
	GlobalSection(SolutionConfigurationPlatforms) = preSolution
		Debug|Any CPU = Debug|Any CPU
		Release|Any CPU = Release|Any CPU
	EndGlobalSection
	GlobalSection(ProjectConfigurationPlatforms) = postSolution
		{FA22E1AA-7E57-4BC3-B7F2-DA555235CAFB}.Debug|Any CPU.ActiveCfg = Debug|Any CPU
		{FA22E1AA-7E57-4BC3-B7F2-DA555235CAFB}.Debug|Any CPU.Build.0 = Debug|Any CPU
		{FA22E1AA-7E57-4BC3-B7F2-DA555235CAFB}.Release|Any CPU.ActiveCfg = Release|Any CPU
		{FA22E1AA-7E57-4BC3-B7F2-DA555235CAFB}.Release|Any CPU.Build.0 = Release|Any CPU
	EndGlobalSection
	GlobalSection(SolutionProperties) = preSolution
		HideSolutionNode = FALSE
	EndGlobalSection
	GlobalSection(ExtensibilityGlobals) = postSolution
		SolutionGuid = {6B42A713-CD2F-40C7-BD0E-3067A8FA0971}
	EndGlobalSection
EndGlobal
