
Microsoft Visual Studio Solution File, Format Version 12.00
# Visual Studio Version 17
VisualStudioVersion = 17.1.32319.34
MinimumVisualStudioVersion = 10.0.40219.1
Project("{FAE04EC0-301F-11D3-BF4B-00C04F79EFBC}") = "MainApp", "MainApp.csproj", "{A1B36A18-2BCD-47BC-9181-AA4F09BD4591}"
EndProject
Global
	GlobalSection(SolutionConfigurationPlatforms) = preSolution
		Debug|Any CPU = Debug|Any CPU
		Release|Any CPU = Release|Any CPU
	EndGlobalSection
	GlobalSection(ProjectConfigurationPlatforms) = postSolution
		{A1B36A18-2BCD-47BC-9181-AA4F09BD4591}.Debug|Any CPU.ActiveCfg = Debug|Any CPU
		{A1B36A18-2BCD-47BC-9181-AA4F09BD4591}.Debug|Any CPU.Build.0 = Debug|Any CPU
		{A1B36A18-2BCD-47BC-9181-AA4F09BD4591}.Release|Any CPU.ActiveCfg = Release|Any CPU
		{A1B36A18-2BCD-47BC-9181-AA4F09BD4591}.Release|Any CPU.Build.0 = Release|Any CPU
	EndGlobalSection
	GlobalSection(SolutionProperties) = preSolution
		HideSolutionNode = FALSE
	EndGlobalSection
	GlobalSection(ExtensibilityGlobals) = postSolution
		SolutionGuid = {30B1BDE4-1CA2-4334-94B8-591790A8BF55}
	EndGlobalSection
EndGlobal
