
Microsoft Visual Studio Solution File, Format Version 12.00
# Visual Studio Version 17
VisualStudioVersion = 17.1.32328.378
MinimumVisualStudioVersion = 10.0.40219.1
Project("{FAE04EC0-301F-11D3-BF4B-00C04F79EFBC}") = "MainApp", "MainApp.csproj", "{CFBCD4A5-8F2B-4E37-9CC8-35D5BA09328D}"
EndProject
Global
	GlobalSection(SolutionConfigurationPlatforms) = preSolution
		Debug|Any CPU = Debug|Any CPU
		Release|Any CPU = Release|Any CPU
	EndGlobalSection
	GlobalSection(ProjectConfigurationPlatforms) = postSolution
		{CFBCD4A5-8F2B-4E37-9CC8-35D5BA09328D}.Debug|Any CPU.ActiveCfg = Debug|Any CPU
		{CFBCD4A5-8F2B-4E37-9CC8-35D5BA09328D}.Debug|Any CPU.Build.0 = Debug|Any CPU
		{CFBCD4A5-8F2B-4E37-9CC8-35D5BA09328D}.Release|Any CPU.ActiveCfg = Release|Any CPU
		{CFBCD4A5-8F2B-4E37-9CC8-35D5BA09328D}.Release|Any CPU.Build.0 = Release|Any CPU
	EndGlobalSection
	GlobalSection(SolutionProperties) = preSolution
		HideSolutionNode = FALSE
	EndGlobalSection
	GlobalSection(ExtensibilityGlobals) = postSolution
		SolutionGuid = {71630286-2E1B-40FC-B480-6B15CC0CB430}
	EndGlobalSection
EndGlobal
