
Microsoft Visual Studio Solution File, Format Version 12.00
# Visual Studio Version 17
VisualStudioVersion = 17.1.32228.430
MinimumVisualStudioVersion = 10.0.40219.1
Project("{FAE04EC0-301F-11D3-BF4B-00C04F79EFBC}") = "MainApp", "MainApp.csproj", "{AEE31796-E51B-42A5-8E4F-915B726B6B7D}"
EndProject
Global
	GlobalSection(SolutionConfigurationPlatforms) = preSolution
		Debug|Any CPU = Debug|Any CPU
		Release|Any CPU = Release|Any CPU
	EndGlobalSection
	GlobalSection(ProjectConfigurationPlatforms) = postSolution
		{AEE31796-E51B-42A5-8E4F-915B726B6B7D}.Debug|Any CPU.ActiveCfg = Debug|Any CPU
		{AEE31796-E51B-42A5-8E4F-915B726B6B7D}.Debug|Any CPU.Build.0 = Debug|Any CPU
		{AEE31796-E51B-42A5-8E4F-915B726B6B7D}.Release|Any CPU.ActiveCfg = Release|Any CPU
		{AEE31796-E51B-42A5-8E4F-915B726B6B7D}.Release|Any CPU.Build.0 = Release|Any CPU
	EndGlobalSection
	GlobalSection(SolutionProperties) = preSolution
		HideSolutionNode = FALSE
	EndGlobalSection
	GlobalSection(ExtensibilityGlobals) = postSolution
		SolutionGuid = {BB2596C1-C86D-43E1-8803-0F7D36AFF608}
	EndGlobalSection
EndGlobal
