
Microsoft Visual Studio Solution File, Format Version 12.00
# Visual Studio Version 17
VisualStudioVersion = 17.1.32319.34
MinimumVisualStudioVersion = 10.0.40219.1
Project("{FAE04EC0-301F-11D3-BF4B-00C04F79EFBC}") = "MainApp", "MainApp.csproj", "{F7E26748-161E-4C66-9CED-EDF2D108F05E}"
EndProject
Global
	GlobalSection(SolutionConfigurationPlatforms) = preSolution
		Debug|Any CPU = Debug|Any CPU
		Release|Any CPU = Release|Any CPU
	EndGlobalSection
	GlobalSection(ProjectConfigurationPlatforms) = postSolution
		{F7E26748-161E-4C66-9CED-EDF2D108F05E}.Debug|Any CPU.ActiveCfg = Debug|Any CPU
		{F7E26748-161E-4C66-9CED-EDF2D108F05E}.Debug|Any CPU.Build.0 = Debug|Any CPU
		{F7E26748-161E-4C66-9CED-EDF2D108F05E}.Release|Any CPU.ActiveCfg = Release|Any CPU
		{F7E26748-161E-4C66-9CED-EDF2D108F05E}.Release|Any CPU.Build.0 = Release|Any CPU
	EndGlobalSection
	GlobalSection(SolutionProperties) = preSolution
		HideSolutionNode = FALSE
	EndGlobalSection
	GlobalSection(ExtensibilityGlobals) = postSolution
		SolutionGuid = {FD865AFC-1B6F-4A16-9126-981C45F5FD83}
	EndGlobalSection
EndGlobal
