
Microsoft Visual Studio Solution File, Format Version 12.00
# Visual Studio Version 17
VisualStudioVersion = 17.1.32228.430
MinimumVisualStudioVersion = 10.0.40219.1
Project("{FAE04EC0-301F-11D3-BF4B-00C04F79EFBC}") = "MainApp", "MainApp.csproj", "{2A48125E-66E7-4243-9886-CF1C3500CD6E}"
EndProject
Global
	GlobalSection(SolutionConfigurationPlatforms) = preSolution
		Debug|Any CPU = Debug|Any CPU
		Release|Any CPU = Release|Any CPU
	EndGlobalSection
	GlobalSection(ProjectConfigurationPlatforms) = postSolution
		{2A48125E-66E7-4243-9886-CF1C3500CD6E}.Debug|Any CPU.ActiveCfg = Debug|Any CPU
		{2A48125E-66E7-4243-9886-CF1C3500CD6E}.Debug|Any CPU.Build.0 = Debug|Any CPU
		{2A48125E-66E7-4243-9886-CF1C3500CD6E}.Release|Any CPU.ActiveCfg = Release|Any CPU
		{2A48125E-66E7-4243-9886-CF1C3500CD6E}.Release|Any CPU.Build.0 = Release|Any CPU
	EndGlobalSection
	GlobalSection(SolutionProperties) = preSolution
		HideSolutionNode = FALSE
	EndGlobalSection
	GlobalSection(ExtensibilityGlobals) = postSolution
		SolutionGuid = {82EDD927-BD40-4169-BDFC-72D14E2446FE}
	EndGlobalSection
EndGlobal
